// !$*UTF8*$!
{
	archiveVersion = 1;
	classes = {
	};
	objectVersion = 46;
	objects = {

/* Begin PBXGroup section */
		4C02F1711D2C0F4F004C5198 = {
			isa = PBXGroup;
			children = (
			);
			sourceTree = "<group>";
		};
/* End PBXGroup section */

/* Begin PBXProject section */
		4C02F1721D2C0F4F004C5198 /* Project object */ = {
			isa = PBXProject;
			attributes = {
				LastUpgradeCheck = 0730;
			};
			buildConfigurationList = 4C02F1751D2C0F4F004C5198 /* Build configuration list for PBXProject "swift-php-extensions" */;
			compatibilityVersion = "Xcode 3.2";
			developmentRegion = English;
			hasScannedForEncodings = 0;
			knownRegions = (
				en,
			);
			mainGroup = 4C02F1711D2C0F4F004C5198;
			projectDirPath = "";
			projectRoot = "";
			targets = (
			);
		};
/* End PBXProject section */

/* Begin XCBuildConfiguration section */
		4C02F1761D2C0F4F004C5198 /* Debug */ = {
			isa = XCBuildConfiguration;
			buildSettings = {
			};
			name = Debug;
		};
		4C02F1771D2C0F4F004C5198 /* Release */ = {
			isa = XCBuildConfiguration;
			buildSettings = {
			};
			name = Release;
		};
/* End XCBuildConfiguration section */

/* Begin XCConfigurationList section */
		4C02F1751D2C0F4F004C5198 /* Build configuration list for PBXProject "swift-php-extensions" */ = {
			isa = XCConfigurationList;
			buildConfigurations = (
				4C02F1761D2C0F4F004C5198 /* Debug */,
				4C02F1771D2C0F4F004C5198 /* Release */,
			);
			defaultConfigurationIsVisible = 0;
			defaultConfigurationName = Release;
		};
/* End XCConfigurationList section */
	};
	rootObject = 4C02F1721D2C0F4F004C5198 /* Project object */;
}
